
Microsoft Visual Studio Solution File, Format Version 12.00
# Visual Studio Version 16
VisualStudioVersion = 16.0.30804.86
MinimumVisualStudioVersion = 10.0.40219.1
Project("{FAE04EC0-301F-11D3-BF4B-00C04F79EFBC}") = "Logitech", "Logitech.csproj", "{DAEDAF0F-9191-4620-B22A-0A174685E84D}"
EndProject
Global
	GlobalSection(SolutionConfigurationPlatforms) = preSolution
		Debug|Any CPU = Debug|Any CPU
		Release|Any CPU = Release|Any CPU
	EndGlobalSection
	GlobalSection(ProjectConfigurationPlatforms) = postSolution
		{DAEDAF0F-9191-4620-B22A-0A174685E84D}.Debug|Any CPU.ActiveCfg = Debug|Any CPU
		{DAEDAF0F-9191-4620-B22A-0A174685E84D}.Debug|Any CPU.Build.0 = Debug|Any CPU
		{DAEDAF0F-9191-4620-B22A-0A174685E84D}.Release|Any CPU.ActiveCfg = Release|Any CPU
		{DAEDAF0F-9191-4620-B22A-0A174685E84D}.Release|Any CPU.Build.0 = Release|Any CPU
	EndGlobalSection
	GlobalSection(SolutionProperties) = preSolution
		HideSolutionNode = FALSE
	EndGlobalSection
	GlobalSection(ExtensibilityGlobals) = postSolution
		SolutionGuid = {DD18604F-4492-431D-BF88-7EEC88C8794D}
	EndGlobalSection
EndGlobal
